
Microsoft Visual Studio Solution File, Format Version 12.00
# Visual Studio 15
VisualStudioVersion = 15.0.28307.421
MinimumVisualStudioVersion = 10.0.40219.1
Project("{FAE04EC0-301F-11D3-BF4B-00C04F79EFBC}") = "WebApplication4", "WebApplication4\WebApplication4.csproj", "{90528857-5171-4B0B-84C5-74A427D5085C}"
EndProject
Global
	GlobalSection(SolutionConfigurationPlatforms) = preSolution
		Debug|Any CPU = Debug|Any CPU
		Release|Any CPU = Release|Any CPU
	EndGlobalSection
	GlobalSection(ProjectConfigurationPlatforms) = postSolution
		{90528857-5171-4B0B-84C5-74A427D5085C}.Debug|Any CPU.ActiveCfg = Debug|Any CPU
		{90528857-5171-4B0B-84C5-74A427D5085C}.Debug|Any CPU.Build.0 = Debug|Any CPU
		{90528857-5171-4B0B-84C5-74A427D5085C}.Release|Any CPU.ActiveCfg = Release|Any CPU
		{90528857-5171-4B0B-84C5-74A427D5085C}.Release|Any CPU.Build.0 = Release|Any CPU
	EndGlobalSection
	GlobalSection(SolutionProperties) = preSolution
		HideSolutionNode = FALSE
	EndGlobalSection
	GlobalSection(ExtensibilityGlobals) = postSolution
		SolutionGuid = {6F66EA48-6722-45D1-8680-E7002031ADD4}
	EndGlobalSection
EndGlobal
