
Microsoft Visual Studio Solution File, Format Version 12.00
# Visual Studio 15
VisualStudioVersion = 15.0.28307.421
MinimumVisualStudioVersion = 10.0.40219.1
Project("{FAE04EC0-301F-11D3-BF4B-00C04F79EFBC}") = "WebApplication2", "WebApplication2\WebApplication2.csproj", "{09A975B3-533A-4A1A-97C0-2CDF9BBA4743}"
EndProject
Global
	GlobalSection(SolutionConfigurationPlatforms) = preSolution
		Debug|Any CPU = Debug|Any CPU
		Release|Any CPU = Release|Any CPU
	EndGlobalSection
	GlobalSection(ProjectConfigurationPlatforms) = postSolution
		{09A975B3-533A-4A1A-97C0-2CDF9BBA4743}.Debug|Any CPU.ActiveCfg = Debug|Any CPU
		{09A975B3-533A-4A1A-97C0-2CDF9BBA4743}.Debug|Any CPU.Build.0 = Debug|Any CPU
		{09A975B3-533A-4A1A-97C0-2CDF9BBA4743}.Release|Any CPU.ActiveCfg = Release|Any CPU
		{09A975B3-533A-4A1A-97C0-2CDF9BBA4743}.Release|Any CPU.Build.0 = Release|Any CPU
	EndGlobalSection
	GlobalSection(SolutionProperties) = preSolution
		HideSolutionNode = FALSE
	EndGlobalSection
	GlobalSection(ExtensibilityGlobals) = postSolution
		SolutionGuid = {ABF57523-B227-4CD4-B742-6ED9D7DFDEA0}
	EndGlobalSection
EndGlobal
